
Microsoft Visual Studio Solution File, Format Version 12.00
# Visual Studio Version 16
VisualStudioVersion = 16.0.31613.86
MinimumVisualStudioVersion = 10.0.40219.1
Project("{FAE04EC0-301F-11D3-BF4B-00C04F79EFBC}") = "Z_Tata_GC_Lab_10", "Z_Tata_GC_Lab_10\Z_Tata_GC_Lab_10.csproj", "{E463DBC7-2CB0-4C1C-8844-BA76AFE0B888}"
EndProject
Global
	GlobalSection(SolutionConfigurationPlatforms) = preSolution
		Debug|Any CPU = Debug|Any CPU
		Release|Any CPU = Release|Any CPU
	EndGlobalSection
	GlobalSection(ProjectConfigurationPlatforms) = postSolution
		{E463DBC7-2CB0-4C1C-8844-BA76AFE0B888}.Debug|Any CPU.ActiveCfg = Debug|Any CPU
		{E463DBC7-2CB0-4C1C-8844-BA76AFE0B888}.Debug|Any CPU.Build.0 = Debug|Any CPU
		{E463DBC7-2CB0-4C1C-8844-BA76AFE0B888}.Release|Any CPU.ActiveCfg = Release|Any CPU
		{E463DBC7-2CB0-4C1C-8844-BA76AFE0B888}.Release|Any CPU.Build.0 = Release|Any CPU
	EndGlobalSection
	GlobalSection(SolutionProperties) = preSolution
		HideSolutionNode = FALSE
	EndGlobalSection
	GlobalSection(ExtensibilityGlobals) = postSolution
		SolutionGuid = {790B0B51-2FB1-4E6D-8570-C0137C2CF05C}
	EndGlobalSection
EndGlobal
